
Microsoft Visual Studio Solution File, Format Version 12.00
# Visual Studio Version 17
VisualStudioVersion = 17.1.32421.90
MinimumVisualStudioVersion = 10.0.40219.1
Project("{2150E333-8FDC-42A3-9474-1A3956D46DE8}") = "src", "src", "{04A12FF8-6F71-49F3-8296-D2FAF1BE4CE0}"
EndProject
Project("{2150E333-8FDC-42A3-9474-1A3956D46DE8}") = "test", "test", "{F7F9BF8F-DE1F-4F32-891F-A3034D501175}"
EndProject
Project("{2150E333-8FDC-42A3-9474-1A3956D46DE8}") = "Core", "Core", "{8B262561-6FE8-4D70-9C13-C531DD42274B}"
EndProject
Project("{2150E333-8FDC-42A3-9474-1A3956D46DE8}") = "API", "API", "{61193D8A-1DF5-48CC-8F16-709ADE2A16D1}"
EndProject
Project("{2150E333-8FDC-42A3-9474-1A3956D46DE8}") = "Infrastructure", "Infrastructure", "{6E69F099-629B-4DAA-B049-6C128D9D0BB8}"
EndProject
Project("{2150E333-8FDC-42A3-9474-1A3956D46DE8}") = "UI", "UI", "{65577736-59E1-4633-B31D-9339385A3399}"
EndProject
Project("{9A19103F-16F7-4668-BE54-9A1E7A4F7556}") = "HR_Management.Application", "HR_Management.Application\HR_Management.Application.csproj", "{1EB86BFA-9887-40AE-A9F2-E9A32E35C38C}"
EndProject
Project("{9A19103F-16F7-4668-BE54-9A1E7A4F7556}") = "HR_Management.Domain", "HR_Management_Domain\HR_Management.Domain.csproj", "{5ED3E784-7F90-44C6-8BBF-926EF84C2324}"
EndProject
Project("{FAE04EC0-301F-11D3-BF4B-00C04F79EFBC}") = "HR_Management.Infrastructure", "HR_Management.Infrastructure\HR_Management.Infrastructure.csproj", "{F3EEA891-10FD-4B42-845C-6893241B44BC}"
EndProject
Project("{FAE04EC0-301F-11D3-BF4B-00C04F79EFBC}") = "HR_Management.Persistence", "HR_Management.Persistence\HR_Management.Persistence.csproj", "{F40346E6-3DCB-4C80-981A-3DDC81625C1E}"
EndProject
Project("{FAE04EC0-301F-11D3-BF4B-00C04F79EFBC}") = "HR_Management.Api", "HR_Management.Api\HR_Management.Api.csproj", "{7C4A8325-D622-4491-B57A-5B5C0E69116C}"
EndProject
Global
	GlobalSection(SolutionConfigurationPlatforms) = preSolution
		Debug|Any CPU = Debug|Any CPU
		Release|Any CPU = Release|Any CPU
	EndGlobalSection
	GlobalSection(ProjectConfigurationPlatforms) = postSolution
		{1EB86BFA-9887-40AE-A9F2-E9A32E35C38C}.Debug|Any CPU.ActiveCfg = Debug|Any CPU
		{1EB86BFA-9887-40AE-A9F2-E9A32E35C38C}.Debug|Any CPU.Build.0 = Debug|Any CPU
		{1EB86BFA-9887-40AE-A9F2-E9A32E35C38C}.Release|Any CPU.ActiveCfg = Release|Any CPU
		{1EB86BFA-9887-40AE-A9F2-E9A32E35C38C}.Release|Any CPU.Build.0 = Release|Any CPU
		{5ED3E784-7F90-44C6-8BBF-926EF84C2324}.Debug|Any CPU.ActiveCfg = Debug|Any CPU
		{5ED3E784-7F90-44C6-8BBF-926EF84C2324}.Debug|Any CPU.Build.0 = Debug|Any CPU
		{5ED3E784-7F90-44C6-8BBF-926EF84C2324}.Release|Any CPU.ActiveCfg = Release|Any CPU
		{5ED3E784-7F90-44C6-8BBF-926EF84C2324}.Release|Any CPU.Build.0 = Release|Any CPU
		{F3EEA891-10FD-4B42-845C-6893241B44BC}.Debug|Any CPU.ActiveCfg = Debug|Any CPU
		{F3EEA891-10FD-4B42-845C-6893241B44BC}.Debug|Any CPU.Build.0 = Debug|Any CPU
		{F3EEA891-10FD-4B42-845C-6893241B44BC}.Release|Any CPU.ActiveCfg = Release|Any CPU
		{F3EEA891-10FD-4B42-845C-6893241B44BC}.Release|Any CPU.Build.0 = Release|Any CPU
		{F40346E6-3DCB-4C80-981A-3DDC81625C1E}.Debug|Any CPU.ActiveCfg = Debug|Any CPU
		{F40346E6-3DCB-4C80-981A-3DDC81625C1E}.Debug|Any CPU.Build.0 = Debug|Any CPU
		{F40346E6-3DCB-4C80-981A-3DDC81625C1E}.Release|Any CPU.ActiveCfg = Release|Any CPU
		{F40346E6-3DCB-4C80-981A-3DDC81625C1E}.Release|Any CPU.Build.0 = Release|Any CPU
		{7C4A8325-D622-4491-B57A-5B5C0E69116C}.Debug|Any CPU.ActiveCfg = Debug|Any CPU
		{7C4A8325-D622-4491-B57A-5B5C0E69116C}.Debug|Any CPU.Build.0 = Debug|Any CPU
		{7C4A8325-D622-4491-B57A-5B5C0E69116C}.Release|Any CPU.ActiveCfg = Release|Any CPU
		{7C4A8325-D622-4491-B57A-5B5C0E69116C}.Release|Any CPU.Build.0 = Release|Any CPU
	EndGlobalSection
	GlobalSection(SolutionProperties) = preSolution
		HideSolutionNode = FALSE
	EndGlobalSection
	GlobalSection(NestedProjects) = preSolution
		{8B262561-6FE8-4D70-9C13-C531DD42274B} = {04A12FF8-6F71-49F3-8296-D2FAF1BE4CE0}
		{61193D8A-1DF5-48CC-8F16-709ADE2A16D1} = {04A12FF8-6F71-49F3-8296-D2FAF1BE4CE0}
		{6E69F099-629B-4DAA-B049-6C128D9D0BB8} = {04A12FF8-6F71-49F3-8296-D2FAF1BE4CE0}
		{65577736-59E1-4633-B31D-9339385A3399} = {04A12FF8-6F71-49F3-8296-D2FAF1BE4CE0}
		{1EB86BFA-9887-40AE-A9F2-E9A32E35C38C} = {8B262561-6FE8-4D70-9C13-C531DD42274B}
		{5ED3E784-7F90-44C6-8BBF-926EF84C2324} = {8B262561-6FE8-4D70-9C13-C531DD42274B}
		{F3EEA891-10FD-4B42-845C-6893241B44BC} = {6E69F099-629B-4DAA-B049-6C128D9D0BB8}
		{F40346E6-3DCB-4C80-981A-3DDC81625C1E} = {6E69F099-629B-4DAA-B049-6C128D9D0BB8}
		{7C4A8325-D622-4491-B57A-5B5C0E69116C} = {61193D8A-1DF5-48CC-8F16-709ADE2A16D1}
	EndGlobalSection
	GlobalSection(ExtensibilityGlobals) = postSolution
		SolutionGuid = {919C75C8-F7F7-40AA-862B-5B59AEA14F4D}
	EndGlobalSection
EndGlobal
